
Microsoft Visual Studio Solution File, Format Version 12.00
# Visual Studio Version 17
VisualStudioVersion = 17.11.35222.181
MinimumVisualStudioVersion = 10.0.40219.1
Project("{8BC9CEB8-8B4A-11D0-8D11-00A0C91BC942}") = "dz1234", "dz1234.vcxproj", "{22EB9EC6-3A52-411F-AA4D-D5F5EBCF4479}"
EndProject
Global
	GlobalSection(SolutionConfigurationPlatforms) = preSolution
		Debug|x64 = Debug|x64
		Debug|x86 = Debug|x86
		Release|x64 = Release|x64
		Release|x86 = Release|x86
	EndGlobalSection
	GlobalSection(ProjectConfigurationPlatforms) = postSolution
		{22EB9EC6-3A52-411F-AA4D-D5F5EBCF4479}.Debug|x64.ActiveCfg = Debug|x64
		{22EB9EC6-3A52-411F-AA4D-D5F5EBCF4479}.Debug|x64.Build.0 = Debug|x64
		{22EB9EC6-3A52-411F-AA4D-D5F5EBCF4479}.Debug|x86.ActiveCfg = Debug|Win32
		{22EB9EC6-3A52-411F-AA4D-D5F5EBCF4479}.Debug|x86.Build.0 = Debug|Win32
		{22EB9EC6-3A52-411F-AA4D-D5F5EBCF4479}.Release|x64.ActiveCfg = Release|x64
		{22EB9EC6-3A52-411F-AA4D-D5F5EBCF4479}.Release|x64.Build.0 = Release|x64
		{22EB9EC6-3A52-411F-AA4D-D5F5EBCF4479}.Release|x86.ActiveCfg = Release|Win32
		{22EB9EC6-3A52-411F-AA4D-D5F5EBCF4479}.Release|x86.Build.0 = Release|Win32
	EndGlobalSection
	GlobalSection(SolutionProperties) = preSolution
		HideSolutionNode = FALSE
	EndGlobalSection
	GlobalSection(ExtensibilityGlobals) = postSolution
		SolutionGuid = {D4189A17-68A2-4084-ADC9-AD3F9B8D975C}
	EndGlobalSection
EndGlobal
